
Microsoft Visual Studio Solution File, Format Version 12.00
# Visual Studio Version 17
VisualStudioVersion = 17.10.35027.167
MinimumVisualStudioVersion = 10.0.40219.1
Project("{FAE04EC0-301F-11D3-BF4B-00C04F79EFBC}") = "WebApplication1", "WebApplication1\WebApplication1.csproj", "{57B8D989-6149-418D-A7E6-60EAD23697BC}"
EndProject
Global
	GlobalSection(SolutionConfigurationPlatforms) = preSolution
		Debug|Any CPU = Debug|Any CPU
		Release|Any CPU = Release|Any CPU
	EndGlobalSection
	GlobalSection(ProjectConfigurationPlatforms) = postSolution
		{57B8D989-6149-418D-A7E6-60EAD23697BC}.Debug|Any CPU.ActiveCfg = Debug|Any CPU
		{57B8D989-6149-418D-A7E6-60EAD23697BC}.Debug|Any CPU.Build.0 = Debug|Any CPU
		{57B8D989-6149-418D-A7E6-60EAD23697BC}.Release|Any CPU.ActiveCfg = Release|Any CPU
		{57B8D989-6149-418D-A7E6-60EAD23697BC}.Release|Any CPU.Build.0 = Release|Any CPU
	EndGlobalSection
	GlobalSection(SolutionProperties) = preSolution
		HideSolutionNode = FALSE
	EndGlobalSection
	GlobalSection(ExtensibilityGlobals) = postSolution
		SolutionGuid = {6DA24C4B-4E14-4CAD-B7D6-19F6E50B953C}
	EndGlobalSection
EndGlobal
